# This file is autogenerated, do not edit; changes may be undone by the next 'dep ensure'.


[[projects]]
  digest = "1:9b277495efeba85c05a0b638090f3d5f2a080d357de77b028227dcd1b8ac5ef9"
  name = "github.com/lucasb-eyer/go-colorful"
  packages = ["."]
  pruneopts = "UT"
  revision = "b3ff143339304443cc5ee1c00995b51090f2c04d"
  version = "v1.0.1"

[[projects]]
  branch = "master"
  digest = "1:e52cbf3bee02f298f41a3f85c4a12584da38ab8b344c00ed8d50b3cf30a248ab"
  name = "github.com/mdouchement/hdr"
  packages = [
    ".",
    "format",
    "hdrcolor",
  ]
  pruneopts = "UT"
  revision = "cc4cdc5cf7752c5e0ba1a82b757bab7823d1e1a0"

[[projects]]
  branch = "master"
  digest = "1:de6078be7bbedf02bf7235cda239bba1fdce01b5605ddeb3bb4ec39bed6f1859"
  name = "golang.org/x/image"
  packages = ["tiff/lzw"]
  pruneopts = "UT"
  revision = "3fc05d484e9f77dd51816890e05f2602e4ca4d65"

[solve-meta]
  analyzer-name = "dep"
  analyzer-version = 1
  input-imports = [
    "github.com/mdouchement/hdr",
    "github.com/mdouchement/hdr/format",
    "github.com/mdouchement/hdr/hdrcolor",
    "golang.org/x/image/tiff/lzw",
  ]
  solver-name = "gps-cdcl"
  solver-version = 1
