# This file is autogenerated, do not edit; changes may be undone by the next 'dep ensure'.


[[projects]]
  digest = "1:c65a16ac77d0b1aefc7009cabb6ac5ad05def02025f5be85f450c03f52cc6f86"
  name = "github.com/lucasb-eyer/go-colorful"
  packages = ["."]
  pruneopts = "UT"
  revision = "345fbb3dbcdb252d9985ee899a84963c0fa24c82"
  version = "v1.0"

[[projects]]
  branch = "master"
  digest = "1:e46e6f183341d689d8b7f230f95b0a6274fef719c12cfaab9d078778a96d277f"
  name = "github.com/mdouchement/hdr"
  packages = [
    ".",
    "format",
    "hdrcolor",
  ]
  pruneopts = "UT"
  revision = "0535ac36d849c3be5606d09fa815da120fd98cb4"

[[projects]]
  branch = "master"
  digest = "1:de6078be7bbedf02bf7235cda239bba1fdce01b5605ddeb3bb4ec39bed6f1859"
  name = "golang.org/x/image"
  packages = ["tiff/lzw"]
  pruneopts = "UT"
  revision = "cd38e8056d9b27bb2f265effa37fb0ea6b8a7f0f"

[[projects]]
  branch = "master"
  digest = "1:c12e7200a4cb6bbacbbcee75cdea983082c47d397b21102bec2243e35fce734c"
  name = "gonum.org/v1/gonum"
  packages = [
    "blas",
    "blas/blas64",
    "blas/gonum",
    "floats",
    "internal/asm/c128",
    "internal/asm/f32",
    "internal/asm/f64",
    "internal/math32",
    "lapack",
    "lapack/gonum",
    "lapack/lapack64",
    "mat",
  ]
  pruneopts = "UT"
  revision = "16380329fcd8f07227b82c1c92cadea7a1bef000"

[solve-meta]
  analyzer-name = "dep"
  analyzer-version = 1
  input-imports = [
    "github.com/mdouchement/hdr",
    "github.com/mdouchement/hdr/format",
    "github.com/mdouchement/hdr/hdrcolor",
    "golang.org/x/image/tiff/lzw",
    "gonum.org/v1/gonum/mat",
  ]
  solver-name = "gps-cdcl"
  solver-version = 1
