# This file is autogenerated, do not edit; changes may be undone by the next 'dep ensure'.


[[projects]]
  name = "github.com/lucasb-eyer/go-colorful"
  packages = ["."]
  revision = "345fbb3dbcdb252d9985ee899a84963c0fa24c82"
  version = "v1.0"

[[projects]]
  branch = "master"
  name = "github.com/mdouchement/hdr"
  packages = [
    ".",
    "format",
    "hdrcolor"
  ]
  revision = "4afc345c7876cf1b68cd74ccbf985bc0a46a1e06"

[[projects]]
  branch = "master"
  name = "golang.org/x/image"
  packages = ["tiff/lzw"]
  revision = "e7c2a4f0428ddaa7e8b1d85d3c60810ffc535d84"

[[projects]]
  branch = "master"
  name = "gonum.org/v1/gonum"
  packages = [
    "blas",
    "blas/blas64",
    "blas/gonum",
    "floats",
    "internal/asm/c128",
    "internal/asm/f32",
    "internal/asm/f64",
    "internal/math32",
    "lapack",
    "lapack/gonum",
    "lapack/lapack64",
    "mat"
  ]
  revision = "b9db25a6108c6c2c7548c37d279f0187b46cfcbe"

[solve-meta]
  analyzer-name = "dep"
  analyzer-version = 1
  inputs-digest = "881c370ba07ee274fb8acf4f002bed60033ef5300765673259d0efb520a8060b"
  solver-name = "gps-cdcl"
  solver-version = 1
